
Microsoft Visual Studio Solution File, Format Version 12.00
# Visual Studio 2013
VisualStudioVersion = 12.0.31101.0
MinimumVisualStudioVersion = 10.0.40219.1
Project("{F2A71F9B-5D33-465A-A702-920D77279786}") = "FryProxy", "FryProxy\FryProxy.fsproj", "{B5BBB518-431A-4BD6-AF61-3D301BE0E9BD}"
EndProject
Project("{F2A71F9B-5D33-465A-A702-920D77279786}") = "FryProxy.Tests", "FryProxy.Tests\FryProxy.Tests.fsproj", "{5902A7BF-F173-4E85-9D44-2E858176DB5C}"
EndProject
Global
	GlobalSection(SolutionConfigurationPlatforms) = preSolution
		Debug|Any CPU = Debug|Any CPU
		Debug|x86 = Debug|x86
		Release|Any CPU = Release|Any CPU
		Release|x86 = Release|x86
	EndGlobalSection
	GlobalSection(ProjectConfigurationPlatforms) = postSolution
		{B5BBB518-431A-4BD6-AF61-3D301BE0E9BD}.Debug|Any CPU.ActiveCfg = Debug|Any CPU
		{B5BBB518-431A-4BD6-AF61-3D301BE0E9BD}.Debug|Any CPU.Build.0 = Debug|Any CPU
		{B5BBB518-431A-4BD6-AF61-3D301BE0E9BD}.Debug|x86.ActiveCfg = Debug|Any CPU
		{B5BBB518-431A-4BD6-AF61-3D301BE0E9BD}.Debug|x86.Build.0 = Debug|Any CPU
		{B5BBB518-431A-4BD6-AF61-3D301BE0E9BD}.Release|Any CPU.ActiveCfg = Release|Any CPU
		{B5BBB518-431A-4BD6-AF61-3D301BE0E9BD}.Release|Any CPU.Build.0 = Release|Any CPU
		{B5BBB518-431A-4BD6-AF61-3D301BE0E9BD}.Release|x86.ActiveCfg = Release|Any CPU
		{B5BBB518-431A-4BD6-AF61-3D301BE0E9BD}.Release|x86.Build.0 = Release|Any CPU
		{5902A7BF-F173-4E85-9D44-2E858176DB5C}.Debug|Any CPU.ActiveCfg = Debug|Any CPU
		{5902A7BF-F173-4E85-9D44-2E858176DB5C}.Debug|Any CPU.Build.0 = Debug|Any CPU
		{5902A7BF-F173-4E85-9D44-2E858176DB5C}.Debug|x86.ActiveCfg = Debug|Any CPU
		{5902A7BF-F173-4E85-9D44-2E858176DB5C}.Debug|x86.Build.0 = Debug|Any CPU
		{5902A7BF-F173-4E85-9D44-2E858176DB5C}.Release|Any CPU.ActiveCfg = Release|Any CPU
		{5902A7BF-F173-4E85-9D44-2E858176DB5C}.Release|Any CPU.Build.0 = Release|Any CPU
		{5902A7BF-F173-4E85-9D44-2E858176DB5C}.Release|x86.ActiveCfg = Release|Any CPU
		{5902A7BF-F173-4E85-9D44-2E858176DB5C}.Release|x86.Build.0 = Release|Any CPU
	EndGlobalSection
	GlobalSection(SolutionProperties) = preSolution
		HideSolutionNode = FALSE
	EndGlobalSection
EndGlobal
