
Microsoft Visual Studio Solution File, Format Version 12.00
# Visual Studio 2013
VisualStudioVersion = 12.0.30723.0
MinimumVisualStudioVersion = 10.0.40219.1
Project("{FAE04EC0-301F-11D3-BF4B-00C04F79EFBC}") = "FryProxy", "FryProxy\FryProxy.csproj", "{7FEDA61E-ED0A-4357-932E-746C697E464E}"
EndProject
Project("{FAE04EC0-301F-11D3-BF4B-00C04F79EFBC}") = "FryProxy.Tests", "FryProxy.Tests\FryProxy.Tests.csproj", "{25D1DEDC-8D2A-4B53-B95C-751CFDFB1565}"
	ProjectSection(ProjectDependencies) = postProject
		{7FEDA61E-ED0A-4357-932E-746C697E464E} = {7FEDA61E-ED0A-4357-932E-746C697E464E}
	EndProjectSection
EndProject
Global
	GlobalSection(SolutionConfigurationPlatforms) = preSolution
		Debug|Any CPU = Debug|Any CPU
		Debug|x86 = Debug|x86
		Release|Any CPU = Release|Any CPU
		Release|x86 = Release|x86
	EndGlobalSection
	GlobalSection(ProjectConfigurationPlatforms) = postSolution
		{7FEDA61E-ED0A-4357-932E-746C697E464E}.Debug|Any CPU.ActiveCfg = Debug|Any CPU
		{7FEDA61E-ED0A-4357-932E-746C697E464E}.Debug|Any CPU.Build.0 = Debug|Any CPU
		{7FEDA61E-ED0A-4357-932E-746C697E464E}.Debug|x86.ActiveCfg = Debug|x86
		{7FEDA61E-ED0A-4357-932E-746C697E464E}.Debug|x86.Build.0 = Debug|x86
		{7FEDA61E-ED0A-4357-932E-746C697E464E}.Release|Any CPU.ActiveCfg = Release|Any CPU
		{7FEDA61E-ED0A-4357-932E-746C697E464E}.Release|Any CPU.Build.0 = Release|Any CPU
		{7FEDA61E-ED0A-4357-932E-746C697E464E}.Release|x86.ActiveCfg = Release|x86
		{7FEDA61E-ED0A-4357-932E-746C697E464E}.Release|x86.Build.0 = Release|x86
		{25D1DEDC-8D2A-4B53-B95C-751CFDFB1565}.Debug|Any CPU.ActiveCfg = Debug|Any CPU
		{25D1DEDC-8D2A-4B53-B95C-751CFDFB1565}.Debug|Any CPU.Build.0 = Debug|Any CPU
		{25D1DEDC-8D2A-4B53-B95C-751CFDFB1565}.Debug|x86.ActiveCfg = Debug|Any CPU
		{25D1DEDC-8D2A-4B53-B95C-751CFDFB1565}.Release|Any CPU.ActiveCfg = Release|Any CPU
		{25D1DEDC-8D2A-4B53-B95C-751CFDFB1565}.Release|Any CPU.Build.0 = Release|Any CPU
		{25D1DEDC-8D2A-4B53-B95C-751CFDFB1565}.Release|x86.ActiveCfg = Release|Any CPU
	EndGlobalSection
	GlobalSection(SolutionProperties) = preSolution
		HideSolutionNode = FALSE
	EndGlobalSection
EndGlobal
